
Microsoft Visual Studio Solution File, Format Version 11.00
# Visual Studio 2010
Project("{FAE04EC0-301F-11D3-BF4B-00C04F79EFBC}") = "Spectrum.Windows", "spectrum\spectrum\Spectrum.Windows.csproj", "{266988ED-D1A3-4458-A055-369025DDBCB4}"
EndProject
Project("{FAE04EC0-301F-11D3-BF4B-00C04F79EFBC}") = "SpectrumContent", "spectrum\spectrumContent\SpectrumContent.contentproj", "{BECFA046-BEA5-4EA0-8239-9A543ED3ED0C}"
EndProject
Project("{FAE04EC0-301F-11D3-BF4B-00C04F79EFBC}") = "Spectrum.Xbox360", "spectrum\spectrum\Spectrum.Xbox360.csproj", "{5A42D6B2-0230-408E-922E-968835517EA3}"
EndProject
Project("{FAE04EC0-301F-11D3-BF4B-00C04F79EFBC}") = "Spectrum.WindowsPhone", "spectrum\spectrum\Spectrum.WindowsPhone.csproj", "{60401D84-69CD-434B-BB5A-66F062482D70}"
EndProject
Global
	GlobalSection(SolutionConfigurationPlatforms) = preSolution
		Debug|Mixed Platforms = Debug|Mixed Platforms
		Debug|Windows Phone = Debug|Windows Phone
		Debug|x86 = Debug|x86
		Debug|Xbox 360 = Debug|Xbox 360
		Release|Mixed Platforms = Release|Mixed Platforms
		Release|Windows Phone = Release|Windows Phone
		Release|x86 = Release|x86
		Release|Xbox 360 = Release|Xbox 360
	EndGlobalSection
	GlobalSection(ProjectConfigurationPlatforms) = postSolution
		{266988ED-D1A3-4458-A055-369025DDBCB4}.Debug|Mixed Platforms.ActiveCfg = Debug|x86
		{266988ED-D1A3-4458-A055-369025DDBCB4}.Debug|Mixed Platforms.Build.0 = Debug|x86
		{266988ED-D1A3-4458-A055-369025DDBCB4}.Debug|Windows Phone.ActiveCfg = Debug|x86
		{266988ED-D1A3-4458-A055-369025DDBCB4}.Debug|Windows Phone.Build.0 = Debug|x86
		{266988ED-D1A3-4458-A055-369025DDBCB4}.Debug|x86.ActiveCfg = Debug|x86
		{266988ED-D1A3-4458-A055-369025DDBCB4}.Debug|x86.Build.0 = Debug|x86
		{266988ED-D1A3-4458-A055-369025DDBCB4}.Debug|Xbox 360.ActiveCfg = Debug|x86
		{266988ED-D1A3-4458-A055-369025DDBCB4}.Debug|Xbox 360.Build.0 = Debug|x86
		{266988ED-D1A3-4458-A055-369025DDBCB4}.Release|Mixed Platforms.ActiveCfg = Release|x86
		{266988ED-D1A3-4458-A055-369025DDBCB4}.Release|Mixed Platforms.Build.0 = Release|x86
		{266988ED-D1A3-4458-A055-369025DDBCB4}.Release|Windows Phone.ActiveCfg = Release|x86
		{266988ED-D1A3-4458-A055-369025DDBCB4}.Release|Windows Phone.Build.0 = Release|x86
		{266988ED-D1A3-4458-A055-369025DDBCB4}.Release|x86.ActiveCfg = Release|x86
		{266988ED-D1A3-4458-A055-369025DDBCB4}.Release|x86.Build.0 = Release|x86
		{266988ED-D1A3-4458-A055-369025DDBCB4}.Release|Xbox 360.ActiveCfg = Release|x86
		{266988ED-D1A3-4458-A055-369025DDBCB4}.Release|Xbox 360.Build.0 = Release|x86
		{BECFA046-BEA5-4EA0-8239-9A543ED3ED0C}.Debug|Mixed Platforms.ActiveCfg = Debug|x86
		{BECFA046-BEA5-4EA0-8239-9A543ED3ED0C}.Debug|Windows Phone.ActiveCfg = Debug|x86
		{BECFA046-BEA5-4EA0-8239-9A543ED3ED0C}.Debug|x86.ActiveCfg = Debug|x86
		{BECFA046-BEA5-4EA0-8239-9A543ED3ED0C}.Debug|Xbox 360.ActiveCfg = Debug|x86
		{BECFA046-BEA5-4EA0-8239-9A543ED3ED0C}.Release|Mixed Platforms.ActiveCfg = Release|x86
		{BECFA046-BEA5-4EA0-8239-9A543ED3ED0C}.Release|Windows Phone.ActiveCfg = Release|x86
		{BECFA046-BEA5-4EA0-8239-9A543ED3ED0C}.Release|x86.ActiveCfg = Release|x86
		{BECFA046-BEA5-4EA0-8239-9A543ED3ED0C}.Release|Xbox 360.ActiveCfg = Release|x86
		{5A42D6B2-0230-408E-922E-968835517EA3}.Debug|Mixed Platforms.ActiveCfg = Debug|Xbox 360
		{5A42D6B2-0230-408E-922E-968835517EA3}.Debug|Mixed Platforms.Build.0 = Debug|Xbox 360
		{5A42D6B2-0230-408E-922E-968835517EA3}.Debug|Windows Phone.ActiveCfg = Debug|Xbox 360
		{5A42D6B2-0230-408E-922E-968835517EA3}.Debug|Windows Phone.Build.0 = Debug|Xbox 360
		{5A42D6B2-0230-408E-922E-968835517EA3}.Debug|x86.ActiveCfg = Debug|Xbox 360
		{5A42D6B2-0230-408E-922E-968835517EA3}.Debug|x86.Build.0 = Debug|Xbox 360
		{5A42D6B2-0230-408E-922E-968835517EA3}.Debug|Xbox 360.ActiveCfg = Debug|Xbox 360
		{5A42D6B2-0230-408E-922E-968835517EA3}.Debug|Xbox 360.Build.0 = Debug|Xbox 360
		{5A42D6B2-0230-408E-922E-968835517EA3}.Debug|Xbox 360.Deploy.0 = Debug|Xbox 360
		{5A42D6B2-0230-408E-922E-968835517EA3}.Release|Mixed Platforms.ActiveCfg = Release|Xbox 360
		{5A42D6B2-0230-408E-922E-968835517EA3}.Release|Mixed Platforms.Build.0 = Release|Xbox 360
		{5A42D6B2-0230-408E-922E-968835517EA3}.Release|Mixed Platforms.Deploy.0 = Release|Xbox 360
		{5A42D6B2-0230-408E-922E-968835517EA3}.Release|Windows Phone.ActiveCfg = Release|Xbox 360
		{5A42D6B2-0230-408E-922E-968835517EA3}.Release|Windows Phone.Build.0 = Release|Xbox 360
		{5A42D6B2-0230-408E-922E-968835517EA3}.Release|x86.ActiveCfg = Release|Xbox 360
		{5A42D6B2-0230-408E-922E-968835517EA3}.Release|x86.Build.0 = Release|Xbox 360
		{5A42D6B2-0230-408E-922E-968835517EA3}.Release|Xbox 360.ActiveCfg = Release|Xbox 360
		{5A42D6B2-0230-408E-922E-968835517EA3}.Release|Xbox 360.Build.0 = Release|Xbox 360
		{5A42D6B2-0230-408E-922E-968835517EA3}.Release|Xbox 360.Deploy.0 = Release|Xbox 360
		{60401D84-69CD-434B-BB5A-66F062482D70}.Debug|Mixed Platforms.ActiveCfg = Debug|Windows Phone
		{60401D84-69CD-434B-BB5A-66F062482D70}.Debug|Mixed Platforms.Build.0 = Debug|Windows Phone
		{60401D84-69CD-434B-BB5A-66F062482D70}.Debug|Mixed Platforms.Deploy.0 = Debug|Windows Phone
		{60401D84-69CD-434B-BB5A-66F062482D70}.Debug|Windows Phone.ActiveCfg = Debug|Windows Phone
		{60401D84-69CD-434B-BB5A-66F062482D70}.Debug|Windows Phone.Build.0 = Debug|Windows Phone
		{60401D84-69CD-434B-BB5A-66F062482D70}.Debug|Windows Phone.Deploy.0 = Debug|Windows Phone
		{60401D84-69CD-434B-BB5A-66F062482D70}.Debug|x86.ActiveCfg = Debug|Windows Phone
		{60401D84-69CD-434B-BB5A-66F062482D70}.Debug|Xbox 360.ActiveCfg = Debug|Windows Phone
		{60401D84-69CD-434B-BB5A-66F062482D70}.Release|Mixed Platforms.ActiveCfg = Release|Windows Phone
		{60401D84-69CD-434B-BB5A-66F062482D70}.Release|Mixed Platforms.Build.0 = Release|Windows Phone
		{60401D84-69CD-434B-BB5A-66F062482D70}.Release|Mixed Platforms.Deploy.0 = Release|Windows Phone
		{60401D84-69CD-434B-BB5A-66F062482D70}.Release|Windows Phone.ActiveCfg = Release|Windows Phone
		{60401D84-69CD-434B-BB5A-66F062482D70}.Release|Windows Phone.Build.0 = Release|Windows Phone
		{60401D84-69CD-434B-BB5A-66F062482D70}.Release|Windows Phone.Deploy.0 = Release|Windows Phone
		{60401D84-69CD-434B-BB5A-66F062482D70}.Release|x86.ActiveCfg = Release|Windows Phone
		{60401D84-69CD-434B-BB5A-66F062482D70}.Release|Xbox 360.ActiveCfg = Release|Windows Phone
	EndGlobalSection
	GlobalSection(SolutionProperties) = preSolution
		HideSolutionNode = FALSE
	EndGlobalSection
EndGlobal
